
Microsoft Visual Studio Solution File, Format Version 12.00
# Visual Studio 15
VisualStudioVersion = 15.0.26124.0
MinimumVisualStudioVersion = 15.0.26124.0
Project("{FAE04EC0-301F-11D3-BF4B-00C04F79EFBC}") = "Test", "Test\Test.csproj", "{AD397F74-90B1-4F23-9780-E42F66AD3062}"
EndProject
Project("{FAE04EC0-301F-11D3-BF4B-00C04F79EFBC}") = "ZigZagConversion", "ZigZagConversion\ZigZagConversion.csproj", "{955C7318-589A-4D4E-8EE0-B6D25B37116A}"
EndProject
Global
	GlobalSection(SolutionConfigurationPlatforms) = preSolution
		Debug|Any CPU = Debug|Any CPU
		Debug|x64 = Debug|x64
		Debug|x86 = Debug|x86
		Release|Any CPU = Release|Any CPU
		Release|x64 = Release|x64
		Release|x86 = Release|x86
	EndGlobalSection
	GlobalSection(SolutionProperties) = preSolution
		HideSolutionNode = FALSE
	EndGlobalSection
	GlobalSection(ProjectConfigurationPlatforms) = postSolution
		{AD397F74-90B1-4F23-9780-E42F66AD3062}.Debug|Any CPU.ActiveCfg = Debug|Any CPU
		{AD397F74-90B1-4F23-9780-E42F66AD3062}.Debug|Any CPU.Build.0 = Debug|Any CPU
		{AD397F74-90B1-4F23-9780-E42F66AD3062}.Debug|x64.ActiveCfg = Debug|Any CPU
		{AD397F74-90B1-4F23-9780-E42F66AD3062}.Debug|x64.Build.0 = Debug|Any CPU
		{AD397F74-90B1-4F23-9780-E42F66AD3062}.Debug|x86.ActiveCfg = Debug|Any CPU
		{AD397F74-90B1-4F23-9780-E42F66AD3062}.Debug|x86.Build.0 = Debug|Any CPU
		{AD397F74-90B1-4F23-9780-E42F66AD3062}.Release|Any CPU.ActiveCfg = Release|Any CPU
		{AD397F74-90B1-4F23-9780-E42F66AD3062}.Release|Any CPU.Build.0 = Release|Any CPU
		{AD397F74-90B1-4F23-9780-E42F66AD3062}.Release|x64.ActiveCfg = Release|Any CPU
		{AD397F74-90B1-4F23-9780-E42F66AD3062}.Release|x64.Build.0 = Release|Any CPU
		{AD397F74-90B1-4F23-9780-E42F66AD3062}.Release|x86.ActiveCfg = Release|Any CPU
		{AD397F74-90B1-4F23-9780-E42F66AD3062}.Release|x86.Build.0 = Release|Any CPU
		{955C7318-589A-4D4E-8EE0-B6D25B37116A}.Debug|Any CPU.ActiveCfg = Debug|Any CPU
		{955C7318-589A-4D4E-8EE0-B6D25B37116A}.Debug|Any CPU.Build.0 = Debug|Any CPU
		{955C7318-589A-4D4E-8EE0-B6D25B37116A}.Debug|x64.ActiveCfg = Debug|Any CPU
		{955C7318-589A-4D4E-8EE0-B6D25B37116A}.Debug|x64.Build.0 = Debug|Any CPU
		{955C7318-589A-4D4E-8EE0-B6D25B37116A}.Debug|x86.ActiveCfg = Debug|Any CPU
		{955C7318-589A-4D4E-8EE0-B6D25B37116A}.Debug|x86.Build.0 = Debug|Any CPU
		{955C7318-589A-4D4E-8EE0-B6D25B37116A}.Release|Any CPU.ActiveCfg = Release|Any CPU
		{955C7318-589A-4D4E-8EE0-B6D25B37116A}.Release|Any CPU.Build.0 = Release|Any CPU
		{955C7318-589A-4D4E-8EE0-B6D25B37116A}.Release|x64.ActiveCfg = Release|Any CPU
		{955C7318-589A-4D4E-8EE0-B6D25B37116A}.Release|x64.Build.0 = Release|Any CPU
		{955C7318-589A-4D4E-8EE0-B6D25B37116A}.Release|x86.ActiveCfg = Release|Any CPU
		{955C7318-589A-4D4E-8EE0-B6D25B37116A}.Release|x86.Build.0 = Release|Any CPU
	EndGlobalSection
EndGlobal
